Microsoft Visual Studio Solution File, Format Version 11.00
# Visual Studio 2008

Project("{E31959FE-2842-DACE-A4D1-6D36E9813620}") = "Egypt", "Assembly-CSharp-firstpass.csproj", "{16A35EB5-C697-9137-6DBB-AA02DE085254}"
EndProject
Project("{E31959FE-2842-DACE-A4D1-6D36E9813620}") = "Egypt", "Assembly-CSharp.csproj", "{43D1EB71-76E0-BAC5-3CD1-7212220EBB85}"
EndProject
Project("{E31959FE-2842-DACE-A4D1-6D36E9813620}") = "Egypt", "Assembly-UnityScript-firstpass.unityproj", "{D3AEF9A3-9C1A-71B2-BCB2-1CEC131D6443}"
EndProject
Project("{E31959FE-2842-DACE-A4D1-6D36E9813620}") = "Egypt", "Assembly-UnityScript.unityproj", "{74984821-7FDD-3009-312F-2A0AB5625D92}"
EndProject
Global
	GlobalSection(SolutionConfigurationPlatforms) = preSolution
		Debug|Any CPU = Debug|Any CPU
		Release|Any CPU = Release|Any CPU
	EndGlobalSection
	GlobalSection(ProjectConfigurationPlatforms) = postSolution
		{16A35EB5-C697-9137-6DBB-AA02DE085254}.Debug|Any CPU.ActiveCfg = Debug|Any CPU
		{16A35EB5-C697-9137-6DBB-AA02DE085254}.Debug|Any CPU.Build.0 = Debug|Any CPU
		{16A35EB5-C697-9137-6DBB-AA02DE085254}.Release|Any CPU.ActiveCfg = Release|Any CPU
		{16A35EB5-C697-9137-6DBB-AA02DE085254}.Release|Any CPU.Build.0 = Release|Any CPU
		{43D1EB71-76E0-BAC5-3CD1-7212220EBB85}.Debug|Any CPU.ActiveCfg = Debug|Any CPU
		{43D1EB71-76E0-BAC5-3CD1-7212220EBB85}.Debug|Any CPU.Build.0 = Debug|Any CPU
		{43D1EB71-76E0-BAC5-3CD1-7212220EBB85}.Release|Any CPU.ActiveCfg = Release|Any CPU
		{43D1EB71-76E0-BAC5-3CD1-7212220EBB85}.Release|Any CPU.Build.0 = Release|Any CPU
		{D3AEF9A3-9C1A-71B2-BCB2-1CEC131D6443}.Debug|Any CPU.ActiveCfg = Debug|Any CPU
		{D3AEF9A3-9C1A-71B2-BCB2-1CEC131D6443}.Debug|Any CPU.Build.0 = Debug|Any CPU
		{D3AEF9A3-9C1A-71B2-BCB2-1CEC131D6443}.Release|Any CPU.ActiveCfg = Release|Any CPU
		{D3AEF9A3-9C1A-71B2-BCB2-1CEC131D6443}.Release|Any CPU.Build.0 = Release|Any CPU
		{74984821-7FDD-3009-312F-2A0AB5625D92}.Debug|Any CPU.ActiveCfg = Debug|Any CPU
		{74984821-7FDD-3009-312F-2A0AB5625D92}.Debug|Any CPU.Build.0 = Debug|Any CPU
		{74984821-7FDD-3009-312F-2A0AB5625D92}.Release|Any CPU.ActiveCfg = Release|Any CPU
		{74984821-7FDD-3009-312F-2A0AB5625D92}.Release|Any CPU.Build.0 = Release|Any CPU
	EndGlobalSection
	GlobalSection(SolutionProperties) = preSolution
		HideSolutionNode = FALSE
	EndGlobalSection
	GlobalSection(MonoDevelopProperties) = preSolution
		StartupItem = Assembly-CSharp.csproj
		Policies = $0
		$0.TextStylePolicy = $1
		$1.inheritsSet = null
		$1.scope = text/x-csharp
		$0.CSharpFormattingPolicy = $2
		$2.inheritsSet = Mono
		$2.inheritsScope = text/x-csharp
		$2.scope = text/x-csharp
		$0.TextStylePolicy = $3
		$3.FileWidth = 120
		$3.TabWidth = 4
		$3.IndentWidth = 4
		$3.EolMarker = Unix
		$3.inheritsSet = Mono
		$3.inheritsScope = text/plain
		$3.scope = text/plain
	EndGlobalSection
EndGlobal
